
Microsoft Visual Studio Solution File, Format Version 12.00
# Visual Studio 15
VisualStudioVersion = 15.0.28307.572
MinimumVisualStudioVersion = 10.0.40219.1
Project("{FAE04EC0-301F-11D3-BF4B-00C04F79EFBC}") = "DNMOFT.OCR", "DNMOFT.OCR\DNMOFT.OCR.csproj", "{F1060ABF-D96D-4135-8AE4-C7A8C9942105}"
EndProject
Global
	GlobalSection(SolutionConfigurationPlatforms) = preSolution
		Debug|Any CPU = Debug|Any CPU
		Debug|x64 = Debug|x64
		Release|Any CPU = Release|Any CPU
		Release|x64 = Release|x64
	EndGlobalSection
	GlobalSection(ProjectConfigurationPlatforms) = postSolution
		{F1060ABF-D96D-4135-8AE4-C7A8C9942105}.Debug|Any CPU.ActiveCfg = Debug|Any CPU
		{F1060ABF-D96D-4135-8AE4-C7A8C9942105}.Debug|Any CPU.Build.0 = Debug|Any CPU
		{F1060ABF-D96D-4135-8AE4-C7A8C9942105}.Debug|x64.ActiveCfg = Debug|x64
		{F1060ABF-D96D-4135-8AE4-C7A8C9942105}.Debug|x64.Build.0 = Debug|x64
		{F1060ABF-D96D-4135-8AE4-C7A8C9942105}.Release|Any CPU.ActiveCfg = Release|Any CPU
		{F1060ABF-D96D-4135-8AE4-C7A8C9942105}.Release|Any CPU.Build.0 = Release|Any CPU
		{F1060ABF-D96D-4135-8AE4-C7A8C9942105}.Release|x64.ActiveCfg = Release|x64
		{F1060ABF-D96D-4135-8AE4-C7A8C9942105}.Release|x64.Build.0 = Release|x64
	EndGlobalSection
	GlobalSection(SolutionProperties) = preSolution
		HideSolutionNode = FALSE
	EndGlobalSection
	GlobalSection(ExtensibilityGlobals) = postSolution
		SolutionGuid = {485C0D2A-1A7A-4A93-B36F-793C0CB73386}
	EndGlobalSection
EndGlobal
